// !$*UTF8*$!
{
	archiveVersion = 1;
	classes = {
	};
	objectVersion = 55;
	objects = {

/* Begin PBXBuildFile section */
		0B31803428673DD6000DB9D5 /* Memo.swift in Sources */ = {isa = PBXBuildFile; fileRef = 0B31803328673DD6000DB9D5 /* Memo.swift */; };
		0B31803628673E7A000DB9D5 /* MemoStorageType.swift in Sources */ = {isa = PBXBuildFile; fileRef = 0B31803528673E7A000DB9D5 /* MemoStorageType.swift */; };
		0B31803A28673F18000DB9D5 /* MemoStorage.swift in Sources */ = {isa = PBXBuildFile; fileRef = 0B31803928673F18000DB9D5 /* MemoStorage.swift */; };
		0B31803C286743A2000DB9D5 /* MemoListViewController.swift in Sources */ = {isa = PBXBuildFile; fileRef = 0B31803B286743A2000DB9D5 /* MemoListViewController.swift */; };
		0B31803E286743DA000DB9D5 /* MemoDetailViewController.swift in Sources */ = {isa = PBXBuildFile; fileRef = 0B31803D286743DA000DB9D5 /* MemoDetailViewController.swift */; };
		0B31804028674409000DB9D5 /* MemoComposeViewController.swift in Sources */ = {isa = PBXBuildFile; fileRef = 0B31803F28674409000DB9D5 /* MemoComposeViewController.swift */; };
		0B3180422867446E000DB9D5 /* MemoListViewModel.swift in Sources */ = {isa = PBXBuildFile; fileRef = 0B3180412867446E000DB9D5 /* MemoListViewModel.swift */; };
		0B31804428674482000DB9D5 /* MemoDetailViewModel.swift in Sources */ = {isa = PBXBuildFile; fileRef = 0B31804328674482000DB9D5 /* MemoDetailViewModel.swift */; };
		0B31804628674496000DB9D5 /* MemoComposeViewModel.swift in Sources */ = {isa = PBXBuildFile; fileRef = 0B31804528674496000DB9D5 /* MemoComposeViewModel.swift */; };
		0B31804828674511000DB9D5 /* ViewModelBindableType.swift in Sources */ = {isa = PBXBuildFile; fileRef = 0B31804728674511000DB9D5 /* ViewModelBindableType.swift */; };
		0B31804A286746C9000DB9D5 /* TransitionType.swift in Sources */ = {isa = PBXBuildFile; fileRef = 0B318049286746C9000DB9D5 /* TransitionType.swift */; };
		0B31804C2867471A000DB9D5 /* Scene.swift in Sources */ = {isa = PBXBuildFile; fileRef = 0B31804B2867471A000DB9D5 /* Scene.swift */; };
		0B31804E2867494A000DB9D5 /* SceneCoordinatorType.swift in Sources */ = {isa = PBXBuildFile; fileRef = 0B31804D2867494A000DB9D5 /* SceneCoordinatorType.swift */; };
		0B318050286749BD000DB9D5 /* SceneCoordinator.swift in Sources */ = {isa = PBXBuildFile; fileRef = 0B31804F286749BD000DB9D5 /* SceneCoordinator.swift */; };
		0B953FC7286734030048154D /* AppDelegate.swift in Sources */ = {isa = PBXBuildFile; fileRef = 0B953FC6286734030048154D /* AppDelegate.swift */; };
		0B953FC9286734030048154D /* SceneDelegate.swift in Sources */ = {isa = PBXBuildFile; fileRef = 0B953FC8286734030048154D /* SceneDelegate.swift */; };
		0B953FCE286734030048154D /* Main.storyboard in Resources */ = {isa = PBXBuildFile; fileRef = 0B953FCC286734030048154D /* Main.storyboard */; };
		0B953FD0286734070048154D /* Assets.xcassets in Resources */ = {isa = PBXBuildFile; fileRef = 0B953FCF286734070048154D /* Assets.xcassets */; };
		0B953FD3286734070048154D /* LaunchScreen.storyboard in Resources */ = {isa = PBXBuildFile; fileRef = 0B953FD1286734070048154D /* LaunchScreen.storyboard */; };
		9D746A1F99C2DCF48C978632 /* Pods_MemoApp.framework in Frameworks */ = {isa = PBXBuildFile; fileRef = 6965A8D17BAD24245C8B7823 /* Pods_MemoApp.framework */; };
/* End PBXBuildFile section */

/* Begin PBXFileReference section */
		0B31803328673DD6000DB9D5 /* Memo.swift */ = {isa = PBXFileReference; lastKnownFileType = sourcecode.swift; path = Memo.swift; sourceTree = "<group>"; };
		0B31803528673E7A000DB9D5 /* MemoStorageType.swift */ = {isa = PBXFileReference; lastKnownFileType = sourcecode.swift; path = MemoStorageType.swift; sourceTree = "<group>"; };
		0B31803928673F18000DB9D5 /* MemoStorage.swift */ = {isa = PBXFileReference; lastKnownFileType = sourcecode.swift; path = MemoStorage.swift; sourceTree = "<group>"; };
		0B31803B286743A2000DB9D5 /* MemoListViewController.swift */ = {isa = PBXFileReference; lastKnownFileType = sourcecode.swift; path = MemoListViewController.swift; sourceTree = "<group>"; };
		0B31803D286743DA000DB9D5 /* MemoDetailViewController.swift */ = {isa = PBXFileReference; lastKnownFileType = sourcecode.swift; path = MemoDetailViewController.swift; sourceTree = "<group>"; };
		0B31803F28674409000DB9D5 /* MemoComposeViewController.swift */ = {isa = PBXFileReference; lastKnownFileType = sourcecode.swift; path = MemoComposeViewController.swift; sourceTree = "<group>"; };
		0B3180412867446E000DB9D5 /* MemoListViewModel.swift */ = {isa = PBXFileReference; lastKnownFileType = sourcecode.swift; path = MemoListViewModel.swift; sourceTree = "<group>"; };
		0B31804328674482000DB9D5 /* MemoDetailViewModel.swift */ = {isa = PBXFileReference; lastKnownFileType = sourcecode.swift; path = MemoDetailViewModel.swift; sourceTree = "<group>"; };
		0B31804528674496000DB9D5 /* MemoComposeViewModel.swift */ = {isa = PBXFileReference; lastKnownFileType = sourcecode.swift; path = MemoComposeViewModel.swift; sourceTree = "<group>"; };
		0B31804728674511000DB9D5 /* ViewModelBindableType.swift */ = {isa = PBXFileReference; lastKnownFileType = sourcecode.swift; path = ViewModelBindableType.swift; sourceTree = "<group>"; };
		0B318049286746C9000DB9D5 /* TransitionType.swift */ = {isa = PBXFileReference; lastKnownFileType = sourcecode.swift; path = TransitionType.swift; sourceTree = "<group>"; };
		0B31804B2867471A000DB9D5 /* Scene.swift */ = {isa = PBXFileReference; lastKnownFileType = sourcecode.swift; path = Scene.swift; sourceTree = "<group>"; };
		0B31804D2867494A000DB9D5 /* SceneCoordinatorType.swift */ = {isa = PBXFileReference; lastKnownFileType = sourcecode.swift; path = SceneCoordinatorType.swift; sourceTree = "<group>"; };
		0B31804F286749BD000DB9D5 /* SceneCoordinator.swift */ = {isa = PBXFileReference; lastKnownFileType = sourcecode.swift; path = SceneCoordinator.swift; sourceTree = "<group>"; };
		0B953FC3286734030048154D /* MemoApp.app */ = {isa = PBXFileReference; explicitFileType = wrapper.application; includeInIndex = 0; path = MemoApp.app; sourceTree = BUILT_PRODUCTS_DIR; };
		0B953FC6286734030048154D /* AppDelegate.swift */ = {isa = PBXFileReference; lastKnownFileType = sourcecode.swift; path = AppDelegate.swift; sourceTree = "<group>"; };
		0B953FC8286734030048154D /* SceneDelegate.swift */ = {isa = PBXFileReference; lastKnownFileType = sourcecode.swift; path = SceneDelegate.swift; sourceTree = "<group>"; };
		0B953FCD286734030048154D /* Base */ = {isa = PBXFileReference; lastKnownFileType = file.storyboard; name = Base; path = Base.lproj/Main.storyboard; sourceTree = "<group>"; };
		0B953FCF286734070048154D /* Assets.xcassets */ = {isa = PBXFileReference; lastKnownFileType = folder.assetcatalog; path = Assets.xcassets; sourceTree = "<group>"; };
		0B953FD2286734070048154D /* Base */ = {isa = PBXFileReference; lastKnownFileType = file.storyboard; name = Base; path = Base.lproj/LaunchScreen.storyboard; sourceTree = "<group>"; };
		0B953FD4286734070048154D /* Info.plist */ = {isa = PBXFileReference; lastKnownFileType = text.plist.xml; path = Info.plist; sourceTree = "<group>"; };
		6965A8D17BAD24245C8B7823 /* Pods_MemoApp.framework */ = {isa = PBXFileReference; explicitFileType = wrapper.framework; includeInIndex = 0; path = Pods_MemoApp.framework; sourceTree = BUILT_PRODUCTS_DIR; };
		770337E7C54E62A3257CF4DB /* Pods-MemoApp.debug.xcconfig */ = {isa = PBXFileReference; includeInIndex = 1; lastKnownFileType = text.xcconfig; name = "Pods-MemoApp.debug.xcconfig"; path = "Target Support Files/Pods-MemoApp/Pods-MemoApp.debug.xcconfig"; sourceTree = "<group>"; };
		ACDD10C080A346CC11E4B448 /* Pods-MemoApp.release.xcconfig */ = {isa = PBXFileReference; includeInIndex = 1; lastKnownFileType = text.xcconfig; name = "Pods-MemoApp.release.xcconfig"; path = "Target Support Files/Pods-MemoApp/Pods-MemoApp.release.xcconfig"; sourceTree = "<group>"; };
/* End PBXFileReference section */

/* Begin PBXFrameworksBuildPhase section */
		0B953FC0286734030048154D /* Frameworks */ = {
			isa = PBXFrameworksBuildPhase;
			buildActionMask = 2147483647;
			files = (
				9D746A1F99C2DCF48C978632 /* Pods_MemoApp.framework in Frameworks */,
			);
			runOnlyForDeploymentPostprocessing = 0;
		};
/* End PBXFrameworksBuildPhase section */

/* Begin PBXGroup section */
		0B31802E28673D0A000DB9D5 /* Model */ = {
			isa = PBXGroup;
			children = (
				0B31803328673DD6000DB9D5 /* Memo.swift */,
			);
			path = Model;
			sourceTree = "<group>";
		};
		0B31802F28673D1C000DB9D5 /* View */ = {
			isa = PBXGroup;
			children = (
				0B31803B286743A2000DB9D5 /* MemoListViewController.swift */,
				0B31803D286743DA000DB9D5 /* MemoDetailViewController.swift */,
				0B31803F28674409000DB9D5 /* MemoComposeViewController.swift */,
			);
			path = View;
			sourceTree = "<group>";
		};
		0B31803028673D2F000DB9D5 /* ViewModel */ = {
			isa = PBXGroup;
			children = (
				0B3180412867446E000DB9D5 /* MemoListViewModel.swift */,
				0B31804328674482000DB9D5 /* MemoDetailViewModel.swift */,
				0B31804528674496000DB9D5 /* MemoComposeViewModel.swift */,
			);
			path = ViewModel;
			sourceTree = "<group>";
		};
		0B31803128673D48000DB9D5 /* Service */ = {
			isa = PBXGroup;
			children = (
				0B31803728673EEF000DB9D5 /* Storage */,
				0B31803528673E7A000DB9D5 /* MemoStorageType.swift */,
				0B31804728674511000DB9D5 /* ViewModelBindableType.swift */,
			);
			path = Service;
			sourceTree = "<group>";
		};
		0B31803228673D4D000DB9D5 /* Scene */ = {
			isa = PBXGroup;
			children = (
				0B318049286746C9000DB9D5 /* TransitionType.swift */,
				0B31804B2867471A000DB9D5 /* Scene.swift */,
				0B31804D2867494A000DB9D5 /* SceneCoordinatorType.swift */,
				0B31804F286749BD000DB9D5 /* SceneCoordinator.swift */,
			);
			path = Scene;
			sourceTree = "<group>";
		};
		0B31803728673EEF000DB9D5 /* Storage */ = {
			isa = PBXGroup;
			children = (
				0B31803928673F18000DB9D5 /* MemoStorage.swift */,
			);
			path = Storage;
			sourceTree = "<group>";
		};
		0B953FBA286734030048154D = {
			isa = PBXGroup;
			children = (
				0B953FC5286734030048154D /* MemoApp */,
				0B953FC4286734030048154D /* Products */,
				A9C90EC85737D7D746FD9CF2 /* Pods */,
				16A479D29327E8A41FBCDFEF /* Frameworks */,
			);
			sourceTree = "<group>";
		};
		0B953FC4286734030048154D /* Products */ = {
			isa = PBXGroup;
			children = (
				0B953FC3286734030048154D /* MemoApp.app */,
			);
			name = Products;
			sourceTree = "<group>";
		};
		0B953FC5286734030048154D /* MemoApp */ = {
			isa = PBXGroup;
			children = (
				0B31803228673D4D000DB9D5 /* Scene */,
				0B31803128673D48000DB9D5 /* Service */,
				0B31803028673D2F000DB9D5 /* ViewModel */,
				0B31802F28673D1C000DB9D5 /* View */,
				0B31802E28673D0A000DB9D5 /* Model */,
				0B953FC6286734030048154D /* AppDelegate.swift */,
				0B953FC8286734030048154D /* SceneDelegate.swift */,
				0B953FCC286734030048154D /* Main.storyboard */,
				0B953FCF286734070048154D /* Assets.xcassets */,
				0B953FD1286734070048154D /* LaunchScreen.storyboard */,
				0B953FD4286734070048154D /* Info.plist */,
			);
			path = MemoApp;
			sourceTree = "<group>";
		};
		16A479D29327E8A41FBCDFEF /* Frameworks */ = {
			isa = PBXGroup;
			children = (
				6965A8D17BAD24245C8B7823 /* Pods_MemoApp.framework */,
			);
			name = Frameworks;
			sourceTree = "<group>";
		};
		A9C90EC85737D7D746FD9CF2 /* Pods */ = {
			isa = PBXGroup;
			children = (
				770337E7C54E62A3257CF4DB /* Pods-MemoApp.debug.xcconfig */,
				ACDD10C080A346CC11E4B448 /* Pods-MemoApp.release.xcconfig */,
			);
			path = Pods;
			sourceTree = "<group>";
		};
/* End PBXGroup section */

/* Begin PBXNativeTarget section */
		0B953FC2286734030048154D /* MemoApp */ = {
			isa = PBXNativeTarget;
			buildConfigurationList = 0B953FD7286734070048154D /* Build configuration list for PBXNativeTarget "MemoApp" */;
			buildPhases = (
				7AFCFC235EB0AC7654364EE9 /* [CP] Check Pods Manifest.lock */,
				0B953FBF286734030048154D /* Sources */,
				0B953FC0286734030048154D /* Frameworks */,
				0B953FC1286734030048154D /* Resources */,
				1F807E7B041758405556FF09 /* [CP] Embed Pods Frameworks */,
			);
			buildRules = (
			);
			dependencies = (
			);
			name = MemoApp;
			productName = MemoApp;
			productReference = 0B953FC3286734030048154D /* MemoApp.app */;
			productType = "com.apple.product-type.application";
		};
/* End PBXNativeTarget section */

/* Begin PBXProject section */
		0B953FBB286734030048154D /* Project object */ = {
			isa = PBXProject;
			attributes = {
				BuildIndependentTargetsInParallel = 1;
				LastSwiftUpdateCheck = 1330;
				LastUpgradeCheck = 1330;
				TargetAttributes = {
					0B953FC2286734030048154D = {
						CreatedOnToolsVersion = 13.3.1;
					};
				};
			};
			buildConfigurationList = 0B953FBE286734030048154D /* Build configuration list for PBXProject "MemoApp" */;
			compatibilityVersion = "Xcode 13.0";
			developmentRegion = en;
			hasScannedForEncodings = 0;
			knownRegions = (
				en,
				Base,
			);
			mainGroup = 0B953FBA286734030048154D;
			productRefGroup = 0B953FC4286734030048154D /* Products */;
			projectDirPath = "";
			projectRoot = "";
			targets = (
				0B953FC2286734030048154D /* MemoApp */,
			);
		};
/* End PBXProject section */

/* Begin PBXResourcesBuildPhase section */
		0B953FC1286734030048154D /* Resources */ = {
			isa = PBXResourcesBuildPhase;
			buildActionMask = 2147483647;
			files = (
				0B953FD3286734070048154D /* LaunchScreen.storyboard in Resources */,
				0B953FD0286734070048154D /* Assets.xcassets in Resources */,
				0B953FCE286734030048154D /* Main.storyboard in Resources */,
			);
			runOnlyForDeploymentPostprocessing = 0;
		};
/* End PBXResourcesBuildPhase section */

/* Begin PBXShellScriptBuildPhase section */
		1F807E7B041758405556FF09 /* [CP] Embed Pods Frameworks */ = {
			isa = PBXShellScriptBuildPhase;
			buildActionMask = 2147483647;
			files = (
			);
			inputFileListPaths = (
				"${PODS_ROOT}/Target Support Files/Pods-MemoApp/Pods-MemoApp-frameworks-${CONFIGURATION}-input-files.xcfilelist",
			);
			name = "[CP] Embed Pods Frameworks";
			outputFileListPaths = (
				"${PODS_ROOT}/Target Support Files/Pods-MemoApp/Pods-MemoApp-frameworks-${CONFIGURATION}-output-files.xcfilelist",
			);
			runOnlyForDeploymentPostprocessing = 0;
			shellPath = /bin/sh;
			shellScript = "\"${PODS_ROOT}/Target Support Files/Pods-MemoApp/Pods-MemoApp-frameworks.sh\"\n";
			showEnvVarsInLog = 0;
		};
		7AFCFC235EB0AC7654364EE9 /* [CP] Check Pods Manifest.lock */ = {
			isa = PBXShellScriptBuildPhase;
			buildActionMask = 2147483647;
			files = (
			);
			inputFileListPaths = (
			);
			inputPaths = (
				"${PODS_PODFILE_DIR_PATH}/Podfile.lock",
				"${PODS_ROOT}/Manifest.lock",
			);
			name = "[CP] Check Pods Manifest.lock";
			outputFileListPaths = (
			);
			outputPaths = (
				"$(DERIVED_FILE_DIR)/Pods-MemoApp-checkManifestLockResult.txt",
			);
			runOnlyForDeploymentPostprocessing = 0;
			shellPath = /bin/sh;
			shellScript = "diff \"${PODS_PODFILE_DIR_PATH}/Podfile.lock\" \"${PODS_ROOT}/Manifest.lock\" > /dev/null\nif [ $? != 0 ] ; then\n    # print error to STDERR\n    echo \"error: The sandbox is not in sync with the Podfile.lock. Run 'pod install' or update your CocoaPods installation.\" >&2\n    exit 1\nfi\n# This output is used by Xcode 'outputs' to avoid re-running this script phase.\necho \"SUCCESS\" > \"${SCRIPT_OUTPUT_FILE_0}\"\n";
			showEnvVarsInLog = 0;
		};
/* End PBXShellScriptBuildPhase section */

/* Begin PBXSourcesBuildPhase section */
		0B953FBF286734030048154D /* Sources */ = {
			isa = PBXSourcesBuildPhase;
			buildActionMask = 2147483647;
			files = (
				0B31803E286743DA000DB9D5 /* MemoDetailViewController.swift in Sources */,
				0B31804A286746C9000DB9D5 /* TransitionType.swift in Sources */,
				0B31804E2867494A000DB9D5 /* SceneCoordinatorType.swift in Sources */,
				0B318050286749BD000DB9D5 /* SceneCoordinator.swift in Sources */,
				0B31803428673DD6000DB9D5 /* Memo.swift in Sources */,
				0B31804628674496000DB9D5 /* MemoComposeViewModel.swift in Sources */,
				0B31804C2867471A000DB9D5 /* Scene.swift in Sources */,
				0B31803A28673F18000DB9D5 /* MemoStorage.swift in Sources */,
				0B31804428674482000DB9D5 /* MemoDetailViewModel.swift in Sources */,
				0B31803C286743A2000DB9D5 /* MemoListViewController.swift in Sources */,
				0B31803628673E7A000DB9D5 /* MemoStorageType.swift in Sources */,
				0B31804028674409000DB9D5 /* MemoComposeViewController.swift in Sources */,
				0B953FC7286734030048154D /* AppDelegate.swift in Sources */,
				0B31804828674511000DB9D5 /* ViewModelBindableType.swift in Sources */,
				0B953FC9286734030048154D /* SceneDelegate.swift in Sources */,
				0B3180422867446E000DB9D5 /* MemoListViewModel.swift in Sources */,
			);
			runOnlyForDeploymentPostprocessing = 0;
		};
/* End PBXSourcesBuildPhase section */

/* Begin PBXVariantGroup section */
		0B953FCC286734030048154D /* Main.storyboard */ = {
			isa = PBXVariantGroup;
			children = (
				0B953FCD286734030048154D /* Base */,
			);
			name = Main.storyboard;
			sourceTree = "<group>";
		};
		0B953FD1286734070048154D /* LaunchScreen.storyboard */ = {
			isa = PBXVariantGroup;
			children = (
				0B953FD2286734070048154D /* Base */,
			);
			name = LaunchScreen.storyboard;
			sourceTree = "<group>";
		};
/* End PBXVariantGroup section */

/* Begin XCBuildConfiguration section */
		0B953FD5286734070048154D /* Debug */ = {
			isa = XCBuildConfiguration;
			buildSettings = {
				ALWAYS_SEARCH_USER_PATHS = NO;
				CLANG_ANALYZER_NONNULL = YES;
				CLANG_ANALYZER_NUMBER_OBJECT_CONVERSION = YES_AGGRESSIVE;
				CLANG_CXX_LANGUAGE_STANDARD = "gnu++17";
				CLANG_ENABLE_MODULES = YES;
				CLANG_ENABLE_OBJC_ARC = YES;
				CLANG_ENABLE_OBJC_WEAK = YES;
				CLANG_WARN_BLOCK_CAPTURE_AUTORELEASING = YES;
				CLANG_WARN_BOOL_CONVERSION = YES;
				CLANG_WARN_COMMA = YES;
				CLANG_WARN_CONSTANT_CONVERSION = YES;
				CLANG_WARN_DEPRECATED_OBJC_IMPLEMENTATIONS = YES;
				CLANG_WARN_DIRECT_OBJC_ISA_USAGE = YES_ERROR;
				CLANG_WARN_DOCUMENTATION_COMMENTS = YES;
				CLANG_WARN_EMPTY_BODY = YES;
				CLANG_WARN_ENUM_CONVERSION = YES;
				CLANG_WARN_INFINITE_RECURSION = YES;
				CLANG_WARN_INT_CONVERSION = YES;
				CLANG_WARN_NON_LITERAL_NULL_CONVERSION = YES;
				CLANG_WARN_OBJC_IMPLICIT_RETAIN_SELF = YES;
				CLANG_WARN_OBJC_LITERAL_CONVERSION = YES;
				CLANG_WARN_OBJC_ROOT_CLASS = YES_ERROR;
				CLANG_WARN_QUOTED_INCLUDE_IN_FRAMEWORK_HEADER = YES;
				CLANG_WARN_RANGE_LOOP_ANALYSIS = YES;
				CLANG_WARN_STRICT_PROTOTYPES = YES;
				CLANG_WARN_SUSPICIOUS_MOVE = YES;
				CLANG_WARN_UNGUARDED_AVAILABILITY = YES_AGGRESSIVE;
				CLANG_WARN_UNREACHABLE_CODE = YES;
				CLANG_WARN__DUPLICATE_METHOD_MATCH = YES;
				COPY_PHASE_STRIP = NO;
				DEBUG_INFORMATION_FORMAT = dwarf;
				ENABLE_STRICT_OBJC_MSGSEND = YES;
				ENABLE_TESTABILITY = YES;
				GCC_C_LANGUAGE_STANDARD = gnu11;
				GCC_DYNAMIC_NO_PIC = NO;
				GCC_NO_COMMON_BLOCKS = YES;
				GCC_OPTIMIZATION_LEVEL = 0;
				GCC_PREPROCESSOR_DEFINITIONS = (
					"DEBUG=1",
					"$(inherited)",
				);
				GCC_WARN_64_TO_32_BIT_CONVERSION = YES;
				GCC_WARN_ABOUT_RETURN_TYPE = YES_ERROR;
				GCC_WARN_UNDECLARED_SELECTOR = YES;
				GCC_WARN_UNINITIALIZED_AUTOS = YES_AGGRESSIVE;
				GCC_WARN_UNUSED_FUNCTION = YES;
				GCC_WARN_UNUSED_VARIABLE = YES;
				IPHONEOS_DEPLOYMENT_TARGET = 15.4;
				MTL_ENABLE_DEBUG_INFO = INCLUDE_SOURCE;
				MTL_FAST_MATH = YES;
				ONLY_ACTIVE_ARCH = YES;
				SDKROOT = iphoneos;
				SWIFT_ACTIVE_COMPILATION_CONDITIONS = DEBUG;
				SWIFT_OPTIMIZATION_LEVEL = "-Onone";
			};
			name = Debug;
		};
		0B953FD6286734070048154D /* Release */ = {
			isa = XCBuildConfiguration;
			buildSettings = {
				ALWAYS_SEARCH_USER_PATHS = NO;
				CLANG_ANALYZER_NONNULL = YES;
				CLANG_ANALYZER_NUMBER_OBJECT_CONVERSION = YES_AGGRESSIVE;
				CLANG_CXX_LANGUAGE_STANDARD = "gnu++17";
				CLANG_ENABLE_MODULES = YES;
				CLANG_ENABLE_OBJC_ARC = YES;
				CLANG_ENABLE_OBJC_WEAK = YES;
				CLANG_WARN_BLOCK_CAPTURE_AUTORELEASING = YES;
				CLANG_WARN_BOOL_CONVERSION = YES;
				CLANG_WARN_COMMA = YES;
				CLANG_WARN_CONSTANT_CONVERSION = YES;
				CLANG_WARN_DEPRECATED_OBJC_IMPLEMENTATIONS = YES;
				CLANG_WARN_DIRECT_OBJC_ISA_USAGE = YES_ERROR;
				CLANG_WARN_DOCUMENTATION_COMMENTS = YES;
				CLANG_WARN_EMPTY_BODY = YES;
				CLANG_WARN_ENUM_CONVERSION = YES;
				CLANG_WARN_INFINITE_RECURSION = YES;
				CLANG_WARN_INT_CONVERSION = YES;
				CLANG_WARN_NON_LITERAL_NULL_CONVERSION = YES;
				CLANG_WARN_OBJC_IMPLICIT_RETAIN_SELF = YES;
				CLANG_WARN_OBJC_LITERAL_CONVERSION = YES;
				CLANG_WARN_OBJC_ROOT_CLASS = YES_ERROR;
				CLANG_WARN_QUOTED_INCLUDE_IN_FRAMEWORK_HEADER = YES;
				CLANG_WARN_RANGE_LOOP_ANALYSIS = YES;
				CLANG_WARN_STRICT_PROTOTYPES = YES;
				CLANG_WARN_SUSPICIOUS_MOVE = YES;
				CLANG_WARN_UNGUARDED_AVAILABILITY = YES_AGGRESSIVE;
				CLANG_WARN_UNREACHABLE_CODE = YES;
				CLANG_WARN__DUPLICATE_METHOD_MATCH = YES;
				COPY_PHASE_STRIP = NO;
				DEBUG_INFORMATION_FORMAT = "dwarf-with-dsym";
				ENABLE_NS_ASSERTIONS = NO;
				ENABLE_STRICT_OBJC_MSGSEND = YES;
				GCC_C_LANGUAGE_STANDARD = gnu11;
				GCC_NO_COMMON_BLOCKS = YES;
				GCC_WARN_64_TO_32_BIT_CONVERSION = YES;
				GCC_WARN_ABOUT_RETURN_TYPE = YES_ERROR;
				GCC_WARN_UNDECLARED_SELECTOR = YES;
				GCC_WARN_UNINITIALIZED_AUTOS = YES_AGGRESSIVE;
				GCC_WARN_UNUSED_FUNCTION = YES;
				GCC_WARN_UNUSED_VARIABLE = YES;
				IPHONEOS_DEPLOYMENT_TARGET = 15.4;
				MTL_ENABLE_DEBUG_INFO = NO;
				MTL_FAST_MATH = YES;
				SDKROOT = iphoneos;
				SWIFT_COMPILATION_MODE = wholemodule;
				SWIFT_OPTIMIZATION_LEVEL = "-O";
				VALIDATE_PRODUCT = YES;
			};
			name = Release;
		};
		0B953FD8286734070048154D /* Debug */ = {
			isa = XCBuildConfiguration;
			baseConfigurationReference = 770337E7C54E62A3257CF4DB /* Pods-MemoApp.debug.xcconfig */;
			buildSettings = {
				ASSETCATALOG_COMPILER_APPICON_NAME = AppIcon;
				ASSETCATALOG_COMPILER_GLOBAL_ACCENT_COLOR_NAME = AccentColor;
				CODE_SIGN_STYLE = Automatic;
				CURRENT_PROJECT_VERSION = 1;
				GENERATE_INFOPLIST_FILE = YES;
				INFOPLIST_FILE = MemoApp/Info.plist;
				INFOPLIST_KEY_UIApplicationSupportsIndirectInputEvents = YES;
				INFOPLIST_KEY_UILaunchStoryboardName = LaunchScreen;
				INFOPLIST_KEY_UIMainStoryboardFile = Main;
				INFOPLIST_KEY_UISupportedInterfaceOrientations_iPad = "UIInterfaceOrientationPortrait UIInterfaceOrientationPortraitUpsideDown UIInterfaceOrientationLandscapeLeft UIInterfaceOrientationLandscapeRight";
				INFOPLIST_KEY_UISupportedInterfaceOrientations_iPhone = "UIInterfaceOrientationPortrait UIInterfaceOrientationLandscapeLeft UIInterfaceOrientationLandscapeRight";
				LD_RUNPATH_SEARCH_PATHS = (
					"$(inherited)",
					"@executable_path/Frameworks",
				);
				MARKETING_VERSION = 1.0;
				PRODUCT_BUNDLE_IDENTIFIER = com.nezhitsya.MemoApp;
				PRODUCT_NAME = "$(TARGET_NAME)";
				SWIFT_EMIT_LOC_STRINGS = YES;
				SWIFT_VERSION = 5.0;
				TARGETED_DEVICE_FAMILY = "1,2";
			};
			name = Debug;
		};
		0B953FD9286734070048154D /* Release */ = {
			isa = XCBuildConfiguration;
			baseConfigurationReference = ACDD10C080A346CC11E4B448 /* Pods-MemoApp.release.xcconfig */;
			buildSettings = {
				ASSETCATALOG_COMPILER_APPICON_NAME = AppIcon;
				ASSETCATALOG_COMPILER_GLOBAL_ACCENT_COLOR_NAME = AccentColor;
				CODE_SIGN_STYLE = Automatic;
				CURRENT_PROJECT_VERSION = 1;
				GENERATE_INFOPLIST_FILE = YES;
				INFOPLIST_FILE = MemoApp/Info.plist;
				INFOPLIST_KEY_UIApplicationSupportsIndirectInputEvents = YES;
				INFOPLIST_KEY_UILaunchStoryboardName = LaunchScreen;
				INFOPLIST_KEY_UIMainStoryboardFile = Main;
				INFOPLIST_KEY_UISupportedInterfaceOrientations_iPad = "UIInterfaceOrientationPortrait UIInterfaceOrientationPortraitUpsideDown UIInterfaceOrientationLandscapeLeft UIInterfaceOrientationLandscapeRight";
				INFOPLIST_KEY_UISupportedInterfaceOrientations_iPhone = "UIInterfaceOrientationPortrait UIInterfaceOrientationLandscapeLeft UIInterfaceOrientationLandscapeRight";
				LD_RUNPATH_SEARCH_PATHS = (
					"$(inherited)",
					"@executable_path/Frameworks",
				);
				MARKETING_VERSION = 1.0;
				PRODUCT_BUNDLE_IDENTIFIER = com.nezhitsya.MemoApp;
				PRODUCT_NAME = "$(TARGET_NAME)";
				SWIFT_EMIT_LOC_STRINGS = YES;
				SWIFT_VERSION = 5.0;
				TARGETED_DEVICE_FAMILY = "1,2";
			};
			name = Release;
		};
/* End XCBuildConfiguration section */

/* Begin XCConfigurationList section */
		0B953FBE286734030048154D /* Build configuration list for PBXProject "MemoApp" */ = {
			isa = XCConfigurationList;
			buildConfigurations = (
				0B953FD5286734070048154D /* Debug */,
				0B953FD6286734070048154D /* Release */,
			);
			defaultConfigurationIsVisible = 0;
			defaultConfigurationName = Release;
		};
		0B953FD7286734070048154D /* Build configuration list for PBXNativeTarget "MemoApp" */ = {
			isa = XCConfigurationList;
			buildConfigurations = (
				0B953FD8286734070048154D /* Debug */,
				0B953FD9286734070048154D /* Release */,
			);
			defaultConfigurationIsVisible = 0;
			defaultConfigurationName = Release;
		};
/* End XCConfigurationList section */
	};
	rootObject = 0B953FBB286734030048154D /* Project object */;
}
